# Source fonts for the CrossIndix font folders, pinned to one commit of
# https://github.com/google/fonts so a build is reproducible.
# Fields: family  script  path-in-google/fonts  sha256-of-the-ttf
# Update: change the commit, run scripts/fetch-indic-fonts.py (it prints the new sums),
# rebuild with scripts/build-indic-fonts.sh and refresh scripts/indic-fonts.sha256.
commit 7085eb89a950e85db5b166b7a58d414544b4140c
NotoSerifBengali       bengali     ofl/notoserifbengali/NotoSerifBengali[wdth,wght].ttf             083180a7b47cf3b101ed55a8724aa1b38869daa9baf23b7cf198f9d225365aba
TiroBangla             bengali     ofl/tirobangla/TiroBangla-Regular.ttf                            a763523dc3f90a71962cb8d9400b8f0a86b40b2cb01676f165101a2967127ae4
HindSiliguri           bengali     ofl/hindsiliguri/HindSiliguri-Regular.ttf                        45071a7da902a74877f432722f525d00502d61aef71fca4cab3da8a23156c33d
NotoSansBengali        bengali     ofl/notosansbengali/NotoSansBengali[wdth,wght].ttf               dcd42978094e584a849c84a51450eeac40c8826057d566ea6d4b9627a403a05a
NotoSerifDevanagari    devanagari  ofl/notoserifdevanagari/NotoSerifDevanagari[wdth,wght].ttf       1191e07bfeb062d80e252eb85b0eafdfbda1e350707a2a60628668e8f677dbbb
TiroDevanagariSanskrit devanagari  ofl/tirodevanagarisanskrit/TiroDevanagariSanskrit-Regular.ttf    75ae873e5e3f9c30fb962a3d283b9f5e7bc5bca57822a2aa926753b297b150ca
